// !$*UTF8*$!
{
	archiveVersion = 1;
	classes = {
	};
	objectVersion = 46;
	objects = {

/* Begin PBXBuildFile section */
		4C4685DE1EBD85A9000D2DD9 /* AppDelegate.swift in Sources */ = {isa = PBXBuildFile; fileRef = 4C4685DD1EBD85A9000D2DD9 /* AppDelegate.swift */; };
		4C4685E01EBD85A9000D2DD9 /* HomeVc.swift in Sources */ = {isa = PBXBuildFile; fileRef = 4C4685DF1EBD85A9000D2DD9 /* HomeVc.swift */; };
		4C4685E31EBD85A9000D2DD9 /* Main.storyboard in Resources */ = {isa = PBXBuildFile; fileRef = 4C4685E11EBD85A9000D2DD9 /* Main.storyboard */; };
		4C4685E51EBD85A9000D2DD9 /* Assets.xcassets in Resources */ = {isa = PBXBuildFile; fileRef = 4C4685E41EBD85A9000D2DD9 /* Assets.xcassets */; };
		4C4685E81EBD85A9000D2DD9 /* LaunchScreen.storyboard in Resources */ = {isa = PBXBuildFile; fileRef = 4C4685E61EBD85A9000D2DD9 /* LaunchScreen.storyboard */; };
		4C4685F21EBD87B7000D2DD9 /* Cell.swift in Sources */ = {isa = PBXBuildFile; fileRef = 4C4685F11EBD87B7000D2DD9 /* Cell.swift */; };
/* End PBXBuildFile section */

/* Begin PBXFileReference section */
		4C4685DA1EBD85A9000D2DD9 /* practicle.app */ = {isa = PBXFileReference; explicitFileType = wrapper.application; includeInIndex = 0; path = practicle.app; sourceTree = BUILT_PRODUCTS_DIR; };
		4C4685DD1EBD85A9000D2DD9 /* AppDelegate.swift */ = {isa = PBXFileReference; lastKnownFileType = sourcecode.swift; path = AppDelegate.swift; sourceTree = "<group>"; };
		4C4685DF1EBD85A9000D2DD9 /* HomeVc.swift */ = {isa = PBXFileReference; lastKnownFileType = sourcecode.swift; path = HomeVc.swift; sourceTree = "<group>"; };
		4C4685E21EBD85A9000D2DD9 /* Base */ = {isa = PBXFileReference; lastKnownFileType = file.storyboard; name = Base; path = Base.lproj/Main.storyboard; sourceTree = "<group>"; };
		4C4685E41EBD85A9000D2DD9 /* Assets.xcassets */ = {isa = PBXFileReference; lastKnownFileType = folder.assetcatalog; path = Assets.xcassets; sourceTree = "<group>"; };
		4C4685E71EBD85A9000D2DD9 /* Base */ = {isa = PBXFileReference; lastKnownFileType = file.storyboard; name = Base; path = Base.lproj/LaunchScreen.storyboard; sourceTree = "<group>"; };
		4C4685E91EBD85A9000D2DD9 /* Info.plist */ = {isa = PBXFileReference; lastKnownFileType = text.plist.xml; path = Info.plist; sourceTree = "<group>"; };
		4C4685F11EBD87B7000D2DD9 /* Cell.swift */ = {isa = PBXFileReference; fileEncoding = 4; lastKnownFileType = sourcecode.swift; path = Cell.swift; sourceTree = "<group>"; };
/* End PBXFileReference section */

/* Begin PBXFrameworksBuildPhase section */
		4C4685D71EBD85A9000D2DD9 /* Frameworks */ = {
			isa = PBXFrameworksBuildPhase;
			buildActionMask = 2147483647;
			files = (
			);
			runOnlyForDeploymentPostprocessing = 0;
		};
/* End PBXFrameworksBuildPhase section */

/* Begin PBXGroup section */
		4C4685D11EBD85A9000D2DD9 = {
			isa = PBXGroup;
			children = (
				4C4685DC1EBD85A9000D2DD9 /* practicle */,
				4C4685DB1EBD85A9000D2DD9 /* Products */,
			);
			sourceTree = "<group>";
		};
		4C4685DB1EBD85A9000D2DD9 /* Products */ = {
			isa = PBXGroup;
			children = (
				4C4685DA1EBD85A9000D2DD9 /* practicle.app */,
			);
			name = Products;
			sourceTree = "<group>";
		};
		4C4685DC1EBD85A9000D2DD9 /* practicle */ = {
			isa = PBXGroup;
			children = (
				4C4685DD1EBD85A9000D2DD9 /* AppDelegate.swift */,
				4C4685DF1EBD85A9000D2DD9 /* HomeVc.swift */,
				4C4685F11EBD87B7000D2DD9 /* Cell.swift */,
				4C4685E11EBD85A9000D2DD9 /* Main.storyboard */,
				4C4685E41EBD85A9000D2DD9 /* Assets.xcassets */,
				4C4685E61EBD85A9000D2DD9 /* LaunchScreen.storyboard */,
				4C4685E91EBD85A9000D2DD9 /* Info.plist */,
			);
			path = practicle;
			sourceTree = "<group>";
		};
/* End PBXGroup section */

/* Begin PBXNativeTarget section */
		4C4685D91EBD85A9000D2DD9 /* practicle */ = {
			isa = PBXNativeTarget;
			buildConfigurationList = 4C4685EC1EBD85A9000D2DD9 /* Build configuration list for PBXNativeTarget "practicle" */;
			buildPhases = (
				4C4685D61EBD85A9000D2DD9 /* Sources */,
				4C4685D71EBD85A9000D2DD9 /* Frameworks */,
				4C4685D81EBD85A9000D2DD9 /* Resources */,
			);
			buildRules = (
			);
			dependencies = (
			);
			name = practicle;
			productName = practicle;
			productReference = 4C4685DA1EBD85A9000D2DD9 /* practicle.app */;
			productType = "com.apple.product-type.application";
		};
/* End PBXNativeTarget section */

/* Begin PBXProject section */
		4C4685D21EBD85A9000D2DD9 /* Project object */ = {
			isa = PBXProject;
			attributes = {
				LastSwiftUpdateCheck = 0830;
				LastUpgradeCheck = 0830;
				ORGANIZATIONNAME = iFlame;
				TargetAttributes = {
					4C4685D91EBD85A9000D2DD9 = {
						CreatedOnToolsVersion = 8.3;
						ProvisioningStyle = Automatic;
					};
				};
			};
			buildConfigurationList = 4C4685D51EBD85A9000D2DD9 /* Build configuration list for PBXProject "practicle" */;
			compatibilityVersion = "Xcode 3.2";
			developmentRegion = English;
			hasScannedForEncodings = 0;
			knownRegions = (
				en,
				Base,
			);
			mainGroup = 4C4685D11EBD85A9000D2DD9;
			productRefGroup = 4C4685DB1EBD85A9000D2DD9 /* Products */;
			projectDirPath = "";
			projectRoot = "";
			targets = (
				4C4685D91EBD85A9000D2DD9 /* practicle */,
			);
		};
/* End PBXProject section */

/* Begin PBXResourcesBuildPhase section */
		4C4685D81EBD85A9000D2DD9 /* Resources */ = {
			isa = PBXResourcesBuildPhase;
			buildActionMask = 2147483647;
			files = (
				4C4685E81EBD85A9000D2DD9 /* LaunchScreen.storyboard in Resources */,
				4C4685E51EBD85A9000D2DD9 /* Assets.xcassets in Resources */,
				4C4685E31EBD85A9000D2DD9 /* Main.storyboard in Resources */,
			);
			runOnlyForDeploymentPostprocessing = 0;
		};
/* End PBXResourcesBuildPhase section */

/* Begin PBXSourcesBuildPhase section */
		4C4685D61EBD85A9000D2DD9 /* Sources */ = {
			isa = PBXSourcesBuildPhase;
			buildActionMask = 2147483647;
			files = (
				4C4685E01EBD85A9000D2DD9 /* HomeVc.swift in Sources */,
				4C4685DE1EBD85A9000D2DD9 /* AppDelegate.swift in Sources */,
				4C4685F21EBD87B7000D2DD9 /* Cell.swift in Sources */,
			);
			runOnlyForDeploymentPostprocessing = 0;
		};
/* End PBXSourcesBuildPhase section */

/* Begin PBXVariantGroup section */
		4C4685E11EBD85A9000D2DD9 /* Main.storyboard */ = {
			isa = PBXVariantGroup;
			children = (
				4C4685E21EBD85A9000D2DD9 /* Base */,
			);
			name = Main.storyboard;
			sourceTree = "<group>";
		};
		4C4685E61EBD85A9000D2DD9 /* LaunchScreen.storyboard */ = {
			isa = PBXVariantGroup;
			children = (
				4C4685E71EBD85A9000D2DD9 /* Base */,
			);
			name = LaunchScreen.storyboard;
			sourceTree = "<group>";
		};
/* End PBXVariantGroup section */

/* Begin XCBuildConfiguration section */
		4C4685EA1EBD85A9000D2DD9 /* Debug */ = {
			isa = XCBuildConfiguration;
			buildSettings = {
				ALWAYS_SEARCH_USER_PATHS = NO;
				CLANG_ANALYZER_NONNULL = YES;
				CLANG_ANALYZER_NUMBER_OBJECT_CONVERSION = YES_AGGRESSIVE;
				CLANG_CXX_LANGUAGE_STANDARD = "gnu++0x";
				CLANG_CXX_LIBRARY = "libc++";
				CLANG_ENABLE_MODULES = YES;
				CLANG_ENABLE_OBJC_ARC = YES;
				CLANG_WARN_BOOL_CONVERSION = YES;
				CLANG_WARN_CONSTANT_CONVERSION = YES;
				CLANG_WARN_DIRECT_OBJC_ISA_USAGE = YES_ERROR;
				CLANG_WARN_DOCUMENTATION_COMMENTS = YES;
				CLANG_WARN_EMPTY_BODY = YES;
				CLANG_WARN_ENUM_CONVERSION = YES;
				CLANG_WARN_INFINITE_RECURSION = YES;
				CLANG_WARN_INT_CONVERSION = YES;
				CLANG_WARN_OBJC_ROOT_CLASS = YES_ERROR;
				CLANG_WARN_SUSPICIOUS_MOVE = YES;
				CLANG_WARN_UNREACHABLE_CODE = YES;
				CLANG_WARN__DUPLICATE_METHOD_MATCH = YES;
				"CODE_SIGN_IDENTITY[sdk=iphoneos*]" = "iPhone Developer";
				COPY_PHASE_STRIP = NO;
				DEBUG_INFORMATION_FORMAT = dwarf;
				ENABLE_STRICT_OBJC_MSGSEND = YES;
				ENABLE_TESTABILITY = YES;
				GCC_C_LANGUAGE_STANDARD = gnu99;
				GCC_DYNAMIC_NO_PIC = NO;
				GCC_NO_COMMON_BLOCKS = YES;
				GCC_OPTIMIZATION_LEVEL = 0;
				GCC_PREPROCESSOR_DEFINITIONS = (
					"DEBUG=1",
					"$(inherited)",
				);
				GCC_WARN_64_TO_32_BIT_CONVERSION = YES;
				GCC_WARN_ABOUT_RETURN_TYPE = YES_ERROR;
				GCC_WARN_UNDECLARED_SELECTOR = YES;
				GCC_WARN_UNINITIALIZED_AUTOS = YES_AGGRESSIVE;
				GCC_WARN_UNUSED_FUNCTION = YES;
				GCC_WARN_UNUSED_VARIABLE = YES;
				IPHONEOS_DEPLOYMENT_TARGET = 10.3;
				MTL_ENABLE_DEBUG_INFO = YES;
				ONLY_ACTIVE_ARCH = YES;
				SDKROOT = iphoneos;
				SWIFT_ACTIVE_COMPILATION_CONDITIONS = DEBUG;
				SWIFT_OPTIMIZATION_LEVEL = "-Onone";
			};
			name = Debug;
		};
		4C4685EB1EBD85A9000D2DD9 /* Release */ = {
			isa = XCBuildConfiguration;
			buildSettings = {
				ALWAYS_SEARCH_USER_PATHS = NO;
				CLANG_ANALYZER_NONNULL = YES;
				CLANG_ANALYZER_NUMBER_OBJECT_CONVERSION = YES_AGGRESSIVE;
				CLANG_CXX_LANGUAGE_STANDARD = "gnu++0x";
				CLANG_CXX_LIBRARY = "libc++";
				CLANG_ENABLE_MODULES = YES;
				CLANG_ENABLE_OBJC_ARC = YES;
				CLANG_WARN_BOOL_CONVERSION = YES;
				CLANG_WARN_CONSTANT_CONVERSION = YES;
				CLANG_WARN_DIRECT_OBJC_ISA_USAGE = YES_ERROR;
				CLANG_WARN_DOCUMENTATION_COMMENTS = YES;
				CLANG_WARN_EMPTY_BODY = YES;
				CLANG_WARN_ENUM_CONVERSION = YES;
				CLANG_WARN_INFINITE_RECURSION = YES;
				CLANG_WARN_INT_CONVERSION = YES;
				CLANG_WARN_OBJC_ROOT_CLASS = YES_ERROR;
				CLANG_WARN_SUSPICIOUS_MOVE = YES;
				CLANG_WARN_UNREACHABLE_CODE = YES;
				CLANG_WARN__DUPLICATE_METHOD_MATCH = YES;
				"CODE_SIGN_IDENTITY[sdk=iphoneos*]" = "iPhone Developer";
				COPY_PHASE_STRIP = NO;
				DEBUG_INFORMATION_FORMAT = "dwarf-with-dsym";
				ENABLE_NS_ASSERTIONS = NO;
				ENABLE_STRICT_OBJC_MSGSEND = YES;
				GCC_C_LANGUAGE_STANDARD = gnu99;
				GCC_NO_COMMON_BLOCKS = YES;
				GCC_WARN_64_TO_32_BIT_CONVERSION = YES;
				GCC_WARN_ABOUT_RETURN_TYPE = YES_ERROR;
				GCC_WARN_UNDECLARED_SELECTOR = YES;
				GCC_WARN_UNINITIALIZED_AUTOS = YES_AGGRESSIVE;
				GCC_WARN_UNUSED_FUNCTION = YES;
				GCC_WARN_UNUSED_VARIABLE = YES;
				IPHONEOS_DEPLOYMENT_TARGET = 10.3;
				MTL_ENABLE_DEBUG_INFO = NO;
				SDKROOT = iphoneos;
				SWIFT_OPTIMIZATION_LEVEL = "-Owholemodule";
				VALIDATE_PRODUCT = YES;
			};
			name = Release;
		};
		4C4685ED1EBD85A9000D2DD9 /* Debug */ = {
			isa = XCBuildConfiguration;
			buildSettings = {
				ASSETCATALOG_COMPILER_APPICON_NAME = AppIcon;
				INFOPLIST_FILE = practicle/Info.plist;
				LD_RUNPATH_SEARCH_PATHS = "$(inherited) @executable_path/Frameworks";
				PRODUCT_BUNDLE_IDENTIFIER = com.iFlame.practicle;
				PRODUCT_NAME = "$(TARGET_NAME)";
				SWIFT_VERSION = 3.0;
			};
			name = Debug;
		};
		4C4685EE1EBD85A9000D2DD9 /* Release */ = {
			isa = XCBuildConfiguration;
			buildSettings = {
				ASSETCATALOG_COMPILER_APPICON_NAME = AppIcon;
				INFOPLIST_FILE = practicle/Info.plist;
				LD_RUNPATH_SEARCH_PATHS = "$(inherited) @executable_path/Frameworks";
				PRODUCT_BUNDLE_IDENTIFIER = com.iFlame.practicle;
				PRODUCT_NAME = "$(TARGET_NAME)";
				SWIFT_VERSION = 3.0;
			};
			name = Release;
		};
/* End XCBuildConfiguration section */

/* Begin XCConfigurationList section */
		4C4685D51EBD85A9000D2DD9 /* Build configuration list for PBXProject "practicle" */ = {
			isa = XCConfigurationList;
			buildConfigurations = (
				4C4685EA1EBD85A9000D2DD9 /* Debug */,
				4C4685EB1EBD85A9000D2DD9 /* Release */,
			);
			defaultConfigurationIsVisible = 0;
			defaultConfigurationName = Release;
		};
		4C4685EC1EBD85A9000D2DD9 /* Build configuration list for PBXNativeTarget "practicle" */ = {
			isa = XCConfigurationList;
			buildConfigurations = (
				4C4685ED1EBD85A9000D2DD9 /* Debug */,
				4C4685EE1EBD85A9000D2DD9 /* Release */,
			);
			defaultConfigurationIsVisible = 0;
		};
/* End XCConfigurationList section */
	};
	rootObject = 4C4685D21EBD85A9000D2DD9 /* Project object */;
}
